lockfileVersion: '9.0'

settings:
  autoInstallPeers: true
  excludeLinksFromLockfile: false

importers:

  .:
    dependencies:
      undici:
        specifier: ^6.19.8
        version: 6.19.8

packages:

  undici@6.19.8:
    resolution: {integrity: sha512-U8uCCl2x9TK3WANvmBavymRzxbfFYG+tAu+fgx3zxQy3qdagQqBLwJVrdyO1TBfUXvfKveMKJZhpvUYoOjM+4g==}
    engines: {node: '>=18.17'}

snapshots:

  undici@6.19.8: {}
